
Microsoft Visual Studio Solution File, Format Version 12.00
# Visual Studio 15
VisualStudioVersion = 15.0.27428.2015
MinimumVisualStudioVersion = 10.0.40219.1
Project("{FAE04EC0-301F-11D3-BF4B-00C04F79EFBC}") = "goalblog", "goalblog\goalblog.csproj", "{F3174C04-90C6-4CCB-AC65-D3B3DEF05243}"
EndProject
Global
	GlobalSection(SolutionConfigurationPlatforms) = preSolution
		Debug|Any CPU = Debug|Any CPU
		Release|Any CPU = Release|Any CPU
	EndGlobalSection
	GlobalSection(ProjectConfigurationPlatforms) = postSolution
		{F3174C04-90C6-4CCB-AC65-D3B3DEF05243}.Debug|Any CPU.ActiveCfg = Debug|Any CPU
		{F3174C04-90C6-4CCB-AC65-D3B3DEF05243}.Debug|Any CPU.Build.0 = Debug|Any CPU
		{F3174C04-90C6-4CCB-AC65-D3B3DEF05243}.Release|Any CPU.ActiveCfg = Release|Any CPU
		{F3174C04-90C6-4CCB-AC65-D3B3DEF05243}.Release|Any CPU.Build.0 = Release|Any CPU
	EndGlobalSection
	GlobalSection(SolutionProperties) = preSolution
		HideSolutionNode = FALSE
	EndGlobalSection
	GlobalSection(ExtensibilityGlobals) = postSolution
		SolutionGuid = {5D71D623-74FF-415B-822A-2EEAC1BEBA17}
	EndGlobalSection
EndGlobal
